
Microsoft Visual Studio Solution File, Format Version 12.00
# Visual Studio 16
Project("{FAE04EC0-301F-11D3-BF4B-00C04F79EFBC}") = "Assembly-CSharp", "Assembly-CSharp.csproj", "{92DF80D3-8EE7-4BE3-4A66-764A43895509}"
EndProject
Project("{FAE04EC0-301F-11D3-BF4B-00C04F79EFBC}") = "Assembly-CSharp-Editor", "Assembly-CSharp-Editor.csproj", "{A597049D-E787-D2BA-7483-32D5753BF616}"
EndProject
Global
	GlobalSection(SolutionConfigurationPlatforms) = preSolution
		Debug|Any CPU = Debug|Any CPU
		Release|Any CPU = Release|Any CPU
	EndGlobalSection
	GlobalSection(ProjectConfigurationPlatforms) = postSolution
		{92DF80D3-8EE7-4BE3-4A66-764A43895509}.Debug|Any CPU.ActiveCfg = Debug|Any CPU
		{92DF80D3-8EE7-4BE3-4A66-764A43895509}.Debug|Any CPU.Build.0 = Debug|Any CPU
		{92DF80D3-8EE7-4BE3-4A66-764A43895509}.Release|Any CPU.ActiveCfg = Release|Any CPU
		{92DF80D3-8EE7-4BE3-4A66-764A43895509}.Release|Any CPU.Build.0 = Release|Any CPU
		{A597049D-E787-D2BA-7483-32D5753BF616}.Debug|Any CPU.ActiveCfg = Debug|Any CPU
		{A597049D-E787-D2BA-7483-32D5753BF616}.Debug|Any CPU.Build.0 = Debug|Any CPU
		{A597049D-E787-D2BA-7483-32D5753BF616}.Release|Any CPU.ActiveCfg = Release|Any CPU
		{A597049D-E787-D2BA-7483-32D5753BF616}.Release|Any CPU.Build.0 = Release|Any CPU
	EndGlobalSection
	GlobalSection(SolutionProperties) = preSolution
		HideSolutionNode = FALSE
	EndGlobalSection
	GlobalSection(MonoDevelopProperties) = preSolution
		StartupItem = Assembly-CSharp.csproj
	EndGlobalSection
EndGlobal
